
Microsoft Visual Studio Solution File, Format Version 12.00
# Visual Studio Version 16
VisualStudioVersion = 16.0.28729.10
MinimumVisualStudioVersion = 10.0.40219.1
Project("{FAE04EC0-301F-11D3-BF4B-00C04F79EFBC}") = "HLI.Api", "HLI.Api\HLI.Api.csproj", "{4F4D1313-764E-4252-B9BB-9E030E506234}"
EndProject
Project("{00D1A9C2-B5F0-4AF3-8072-F6C62B433612}") = "HLI.Database", "..\HLI.Database\HLI.Database.sqlproj", "{B30FFF9A-8EC9-4B1D-9496-FFA068616806}"
EndProject
Project("{2150E333-8FDC-42A3-9474-1A3956D46DE8}") = "Server", "Server", "{09C4129B-99DF-41AD-BD7B-E7453BB04E36}"
EndProject
Project("{2150E333-8FDC-42A3-9474-1A3956D46DE8}") = "Source", "Source", "{249C1B69-AD8D-4729-A585-2BBC2F9F8BDF}"
EndProject
Project("{2150E333-8FDC-42A3-9474-1A3956D46DE8}") = "Test", "Test", "{8A69462A-F342-429B-9835-D07460A15202}"
EndProject
Project("{FAE04EC0-301F-11D3-BF4B-00C04F79EFBC}") = "HLI.Service", "..\HLI.Service\HLI.Service.csproj", "{8B4EDCB8-5B0D-4255-9D0A-CA99A97465F1}"
EndProject
Global
	GlobalSection(SolutionConfigurationPlatforms) = preSolution
		Debug|Any CPU = Debug|Any CPU
		Release|Any CPU = Release|Any CPU
	EndGlobalSection
	GlobalSection(ProjectConfigurationPlatforms) = postSolution
		{4F4D1313-764E-4252-B9BB-9E030E506234}.Debug|Any CPU.ActiveCfg = Debug|Any CPU
		{4F4D1313-764E-4252-B9BB-9E030E506234}.Debug|Any CPU.Build.0 = Debug|Any CPU
		{4F4D1313-764E-4252-B9BB-9E030E506234}.Release|Any CPU.ActiveCfg = Release|Any CPU
		{4F4D1313-764E-4252-B9BB-9E030E506234}.Release|Any CPU.Build.0 = Release|Any CPU
		{B30FFF9A-8EC9-4B1D-9496-FFA068616806}.Debug|Any CPU.ActiveCfg = Debug|Any CPU
		{B30FFF9A-8EC9-4B1D-9496-FFA068616806}.Debug|Any CPU.Build.0 = Debug|Any CPU
		{B30FFF9A-8EC9-4B1D-9496-FFA068616806}.Debug|Any CPU.Deploy.0 = Debug|Any CPU
		{B30FFF9A-8EC9-4B1D-9496-FFA068616806}.Release|Any CPU.ActiveCfg = Release|Any CPU
		{B30FFF9A-8EC9-4B1D-9496-FFA068616806}.Release|Any CPU.Build.0 = Release|Any CPU
		{B30FFF9A-8EC9-4B1D-9496-FFA068616806}.Release|Any CPU.Deploy.0 = Release|Any CPU
		{8B4EDCB8-5B0D-4255-9D0A-CA99A97465F1}.Debug|Any CPU.ActiveCfg = Debug|Any CPU
		{8B4EDCB8-5B0D-4255-9D0A-CA99A97465F1}.Debug|Any CPU.Build.0 = Debug|Any CPU
		{8B4EDCB8-5B0D-4255-9D0A-CA99A97465F1}.Release|Any CPU.ActiveCfg = Release|Any CPU
		{8B4EDCB8-5B0D-4255-9D0A-CA99A97465F1}.Release|Any CPU.Build.0 = Release|Any CPU
	EndGlobalSection
	GlobalSection(SolutionProperties) = preSolution
		HideSolutionNode = FALSE
	EndGlobalSection
	GlobalSection(NestedProjects) = preSolution
		{4F4D1313-764E-4252-B9BB-9E030E506234} = {249C1B69-AD8D-4729-A585-2BBC2F9F8BDF}
		{B30FFF9A-8EC9-4B1D-9496-FFA068616806} = {249C1B69-AD8D-4729-A585-2BBC2F9F8BDF}
		{249C1B69-AD8D-4729-A585-2BBC2F9F8BDF} = {09C4129B-99DF-41AD-BD7B-E7453BB04E36}
		{8A69462A-F342-429B-9835-D07460A15202} = {09C4129B-99DF-41AD-BD7B-E7453BB04E36}
		{8B4EDCB8-5B0D-4255-9D0A-CA99A97465F1} = {249C1B69-AD8D-4729-A585-2BBC2F9F8BDF}
	EndGlobalSection
	GlobalSection(ExtensibilityGlobals) = postSolution
		SolutionGuid = {B07CA0C4-D6B8-4B40-BA75-8326B39FE2B4}
	EndGlobalSection
EndGlobal
